
Microsoft Visual Studio Solution File, Format Version 12.00
# Visual Studio Version 16
VisualStudioVersion = 16.0.30621.155
MinimumVisualStudioVersion = 10.0.40219.1
Project("{FAE04EC0-301F-11D3-BF4B-00C04F79EFBC}") = "GreedyBFS8Puzzle", "GreedyBFS8Puzzle.csproj", "{BF3C4261-9B23-4169-B473-FA71BDFD1C38}"
EndProject
Global
	GlobalSection(SolutionConfigurationPlatforms) = preSolution
		Debug|Any CPU = Debug|Any CPU
		Release|Any CPU = Release|Any CPU
	EndGlobalSection
	GlobalSection(ProjectConfigurationPlatforms) = postSolution
		{BF3C4261-9B23-4169-B473-FA71BDFD1C38}.Debug|Any CPU.ActiveCfg = Debug|Any CPU
		{BF3C4261-9B23-4169-B473-FA71BDFD1C38}.Debug|Any CPU.Build.0 = Debug|Any CPU
		{BF3C4261-9B23-4169-B473-FA71BDFD1C38}.Release|Any CPU.ActiveCfg = Release|Any CPU
		{BF3C4261-9B23-4169-B473-FA71BDFD1C38}.Release|Any CPU.Build.0 = Release|Any CPU
	EndGlobalSection
	GlobalSection(SolutionProperties) = preSolution
		HideSolutionNode = FALSE
	EndGlobalSection
	GlobalSection(ExtensibilityGlobals) = postSolution
		SolutionGuid = {65E6522B-A391-41A3-B016-B3E4F86CE00F}
	EndGlobalSection
EndGlobal
